# THIS IS AN AUTOGENERATED FILE. DO NOT EDIT THIS FILE DIRECTLY.
# yarn lockfile v1


"@electron/get@^1.0.1":
  "integrity" "sha1-pZcRE/wb+PoSqHidwgFSpzWfBqs="
  "resolved" "https://registry.nlark.com/@electron/get/download/@electron/get-1.12.4.tgz"
  "version" "1.12.4"
  dependencies:
    "debug" "^4.1.1"
    "env-paths" "^2.2.0"
    "fs-extra" "^8.1.0"
    "got" "^9.6.0"
    "progress" "^2.0.3"
    "semver" "^6.2.0"
    "sumchecker" "^3.0.1"
  optionalDependencies:
    "global-agent" "^2.0.2"
    "global-tunnel-ng" "^2.7.1"

"@sindresorhus/is@^0.14.0":
  "integrity" "sha1-n7OjzzEyMoFR81PeRjLgHlIQK+o="
  "resolved" "https://registry.nlark.com/@sindresorhus/is/download/@sindresorhus/is-0.14.0.tgz?cache=0&sync_timestamp=1619082778503&other_urls=https%3A%2F%2Fregistry.nlark.com%2F%40sindresorhus%2Fis%2Fdownload%2F%40sindresorhus%2Fis-0.14.0.tgz"
  "version" "0.14.0"

"@szmarczak/http-timer@^1.1.2":
  "integrity" "sha1-sWZeLEYaLNkvTBu/UNVFTeDUtCE="
  "resolved" "https://registry.nlark.com/@szmarczak/http-timer/download/@szmarczak/http-timer-1.1.2.tgz?cache=0&sync_timestamp=1626126254051&other_urls=https%3A%2F%2Fregistry.nlark.com%2F%40szmarczak%2Fhttp-timer%2Fdownload%2F%40szmarczak%2Fhttp-timer-1.1.2.tgz"
  "version" "1.1.2"
  dependencies:
    "defer-to-connect" "^1.0.1"

"@types/node@^14.6.2":
  "integrity" "sha1-zGHINhyJ5wxGjNpGTR+j3X5evWI="
  "resolved" "https://registry.nlark.com/@types/node/download/@types/node-14.17.6.tgz?cache=0&sync_timestamp=1627563812463&other_urls=https%3A%2F%2Fregistry.nlark.com%2F%40types%2Fnode%2Fdownload%2F%40types%2Fnode-14.17.6.tgz"
  "version" "14.17.6"

"boolean@^3.0.1":
  "integrity" "sha1-4w8hCiawJFhIKozDU6sG8mKngMI="
  "resolved" "https://registry.nlark.com/boolean/download/boolean-3.1.2.tgz?cache=0&sync_timestamp=1623318897941&other_urls=https%3A%2F%2Fregistry.nlark.com%2Fboolean%2Fdownload%2Fboolean-3.1.2.tgz"
  "version" "3.1.2"

"buffer-crc32@~0.2.3":
  "integrity" "sha1-DTM+PwDqxQqhRUq9MO+MKl2ackI="
  "resolved" "https://registry.npm.taobao.org/buffer-crc32/download/buffer-crc32-0.2.13.tgz"
  "version" "0.2.13"

"buffer-from@^1.0.0":
  "integrity" "sha1-MnE7wCj3XAL9txDXx7zsHyxgcO8="
  "resolved" "https://registry.npm.taobao.org/buffer-from/download/buffer-from-1.1.1.tgz"
  "version" "1.1.1"

"cacheable-request@^6.0.0":
  "integrity" "sha1-IP+4vRYrpL4R6VZ9gj22UQUsqRI="
  "resolved" "https://registry.nlark.com/cacheable-request/download/cacheable-request-6.1.0.tgz"
  "version" "6.1.0"
  dependencies:
    "clone-response" "^1.0.2"
    "get-stream" "^5.1.0"
    "http-cache-semantics" "^4.0.0"
    "keyv" "^3.0.0"
    "lowercase-keys" "^2.0.0"
    "normalize-url" "^4.1.0"
    "responselike" "^1.0.2"

"clone-response@^1.0.2":
  "integrity" "sha1-0dyXOSAxTfZ/vrlCI7TuNQI56Ws="
  "resolved" "https://registry.npm.taobao.org/clone-response/download/clone-response-1.0.2.tgz"
  "version" "1.0.2"
  dependencies:
    "mimic-response" "^1.0.0"

"concat-stream@^1.6.2":
  "integrity" "sha1-kEvfGUzTEi/Gdcd/xKw9T/D9GjQ="
  "resolved" "https://registry.npm.taobao.org/concat-stream/download/concat-stream-1.6.2.tgz"
  "version" "1.6.2"
  dependencies:
    "buffer-from" "^1.0.0"
    "inherits" "^2.0.3"
    "readable-stream" "^2.2.2"
    "typedarray" "^0.0.6"

"config-chain@^1.1.11":
  "integrity" "sha1-+tB5Wqamza/57Rto6d/5Q3LCMvQ="
  "resolved" "https://registry.nlark.com/config-chain/download/config-chain-1.1.13.tgz?cache=0&sync_timestamp=1622745592945&other_urls=https%3A%2F%2Fregistry.nlark.com%2Fconfig-chain%2Fdownload%2Fconfig-chain-1.1.13.tgz"
  "version" "1.1.13"
  dependencies:
    "ini" "^1.3.4"
    "proto-list" "~1.2.1"

"core-js@^3.6.5":
  "integrity" "sha1-dAZg0v9V7zTOZk1+JFURnFvdPWE="
  "resolved" "https://registry.nlark.com/core-js/download/core-js-3.15.2.tgz?cache=0&sync_timestamp=1624966012065&other_urls=https%3A%2F%2Fregistry.nlark.com%2Fcore-js%2Fdownload%2Fcore-js-3.15.2.tgz"
  "version" "3.15.2"

"core-util-is@~1.0.0":
  "integrity" "sha1-tf1UIgqivFq1eqtxQMlAdUUDwac="
  "resolved" "https://registry.npm.taobao.org/core-util-is/download/core-util-is-1.0.2.tgz"
  "version" "1.0.2"

"debug@^2.6.9":
  "integrity" "sha1-XRKFFd8TT/Mn6QpMk/Tgd6U2NB8="
  "resolved" "https://registry.nlark.com/debug/download/debug-2.6.9.tgz"
  "version" "2.6.9"
  dependencies:
    "ms" "2.0.0"

"debug@^4.1.0", "debug@^4.1.1":
  "integrity" "sha1-8KScGKyHeeMdSgxgKd+3aHPHQos="
  "resolved" "https://registry.nlark.com/debug/download/debug-4.3.2.tgz"
  "version" "4.3.2"
  dependencies:
    "ms" "2.1.2"

"decompress-response@^3.3.0":
  "integrity" "sha1-gKTdMjdIOEv6JICDYirt7Jgq3/M="
  "resolved" "https://registry.npm.taobao.org/decompress-response/download/decompress-response-3.3.0.tgz"
  "version" "3.3.0"
  dependencies:
    "mimic-response" "^1.0.0"

"defer-to-connect@^1.0.1":
  "integrity" "sha1-MxrgUMCNz3ifjIOnuB8O2U9KxZE="
  "resolved" "https://registry.npm.taobao.org/defer-to-connect/download/defer-to-connect-1.1.3.tgz"
  "version" "1.1.3"

"define-properties@^1.1.3":
  "integrity" "sha1-z4jabL7ib+bbcJT2HYcMvYTO6fE="
  "resolved" "https://registry.npm.taobao.org/define-properties/download/define-properties-1.1.3.tgz"
  "version" "1.1.3"
  dependencies:
    "object-keys" "^1.0.12"

"detect-node@^2.0.4":
  "integrity" "sha1-yccHdaScPQO8LAbZpzvlUPl4+LE="
  "resolved" "https://registry.nlark.com/detect-node/download/detect-node-2.1.0.tgz?cache=0&sync_timestamp=1621146954463&other_urls=https%3A%2F%2Fregistry.nlark.com%2Fdetect-node%2Fdownload%2Fdetect-node-2.1.0.tgz"
  "version" "2.1.0"

"duplexer3@^0.1.4":
  "integrity" "sha1-7gHdHKwO08vH/b6jfcCo8c4ALOI="
  "resolved" "https://registry.npm.taobao.org/duplexer3/download/duplexer3-0.1.4.tgz"
  "version" "0.1.4"

"electron@^13.1.7":
  "integrity" "sha1-fhf1yTqNGCoqSGiE/tPcNKsQG+k="
  "resolved" "https://registry.nlark.com/electron/download/electron-13.1.7.tgz?cache=0&sync_timestamp=1627329546737&other_urls=https%3A%2F%2Fregistry.nlark.com%2Felectron%2Fdownload%2Felectron-13.1.7.tgz"
  "version" "13.1.7"
  dependencies:
    "@electron/get" "^1.0.1"
    "@types/node" "^14.6.2"
    "extract-zip" "^1.0.3"

"encodeurl@^1.0.2":
  "integrity" "sha1-rT/0yG7C0CkyL1oCw6mmBslbP1k="
  "resolved" "https://registry.npm.taobao.org/encodeurl/download/encodeurl-1.0.2.tgz"
  "version" "1.0.2"

"end-of-stream@^1.1.0":
  "integrity" "sha1-WuZKX0UFe682JuwU2gyl5LJDHrA="
  "resolved" "https://registry.npm.taobao.org/end-of-stream/download/end-of-stream-1.4.4.tgz"
  "version" "1.4.4"
  dependencies:
    "once" "^1.4.0"

"env-paths@^2.2.0":
  "integrity" "sha1-QgOZ1BbOH76bwKB8Yvpo1n/Q+PI="
  "resolved" "https://registry.npm.taobao.org/env-paths/download/env-paths-2.2.1.tgz"
  "version" "2.2.1"

"es6-error@^4.1.1":
  "integrity" "sha1-njr0B0Wd7tR+mpH5uIWoTrBcVh0="
  "resolved" "https://registry.nlark.com/es6-error/download/es6-error-4.1.1.tgz"
  "version" "4.1.1"

"escape-string-regexp@^4.0.0":
  "integrity" "sha1-FLqDpdNz49MR5a/KKc9b+tllvzQ="
  "resolved" "https://registry.npm.taobao.org/escape-string-regexp/download/escape-string-regexp-4.0.0.tgz?cache=0&sync_timestamp=1618677243201&other_urls=https%3A%2F%2Fregistry.npm.taobao.org%2Fescape-string-regexp%2Fdownload%2Fescape-string-regexp-4.0.0.tgz"
  "version" "4.0.0"

"extract-zip@^1.0.3":
  "integrity" "sha1-VWzDrp339FLEk6DPtRzDAneUCSc="
  "resolved" "https://registry.npm.taobao.org/extract-zip/download/extract-zip-1.7.0.tgz"
  "version" "1.7.0"
  dependencies:
    "concat-stream" "^1.6.2"
    "debug" "^2.6.9"
    "mkdirp" "^0.5.4"
    "yauzl" "^2.10.0"

"fd-slicer@~1.1.0":
  "integrity" "sha1-JcfInLH5B3+IkbvmHY85Dq4lbx4="
  "resolved" "https://registry.npm.taobao.org/fd-slicer/download/fd-slicer-1.1.0.tgz"
  "version" "1.1.0"
  dependencies:
    "pend" "~1.2.0"

"fs-extra@^8.1.0":
  "integrity" "sha1-SdQ8RaiM2Wd2aMt74bRu/bjS4cA="
  "resolved" "https://registry.nlark.com/fs-extra/download/fs-extra-8.1.0.tgz"
  "version" "8.1.0"
  dependencies:
    "graceful-fs" "^4.2.0"
    "jsonfile" "^4.0.0"
    "universalify" "^0.1.0"

"get-stream@^4.1.0":
  "integrity" "sha1-wbJVV189wh1Zv8ec09K0axw6VLU="
  "resolved" "https://registry.npm.taobao.org/get-stream/download/get-stream-4.1.0.tgz?cache=0&sync_timestamp=1618462652134&other_urls=https%3A%2F%2Fregistry.npm.taobao.org%2Fget-stream%2Fdownload%2Fget-stream-4.1.0.tgz"
  "version" "4.1.0"
  dependencies:
    "pump" "^3.0.0"

"get-stream@^5.1.0":
  "integrity" "sha1-SWaheV7lrOZecGxLe+txJX1uItM="
  "resolved" "https://registry.npm.taobao.org/get-stream/download/get-stream-5.2.0.tgz?cache=0&sync_timestamp=1618462652134&other_urls=https%3A%2F%2Fregistry.npm.taobao.org%2Fget-stream%2Fdownload%2Fget-stream-5.2.0.tgz"
  "version" "5.2.0"
  dependencies:
    "pump" "^3.0.0"

"global-agent@^2.0.2":
  "integrity" "sha1-VmMxsGRua/eUKaFod2hcSh+/dtw="
  "resolved" "https://registry.nlark.com/global-agent/download/global-agent-2.2.0.tgz"
  "version" "2.2.0"
  dependencies:
    "boolean" "^3.0.1"
    "core-js" "^3.6.5"
    "es6-error" "^4.1.1"
    "matcher" "^3.0.0"
    "roarr" "^2.15.3"
    "semver" "^7.3.2"
    "serialize-error" "^7.0.1"

"global-tunnel-ng@^2.7.1":
  "integrity" "sha1-0DtRAt/eOmmRT17n2GdhyjXVfY8="
  "resolved" "https://registry.nlark.com/global-tunnel-ng/download/global-tunnel-ng-2.7.1.tgz"
  "version" "2.7.1"
  dependencies:
    "encodeurl" "^1.0.2"
    "lodash" "^4.17.10"
    "npm-conf" "^1.1.3"
    "tunnel" "^0.0.6"

"globalthis@^1.0.1":
  "integrity" "sha1-KiNdNPTYA2IZ9+NJKbXenhgWa4s="
  "resolved" "https://registry.nlark.com/globalthis/download/globalthis-1.0.2.tgz"
  "version" "1.0.2"
  dependencies:
    "define-properties" "^1.1.3"

"got@^9.6.0":
  "integrity" "sha1-7fRefWf5lUVwXeH3u+7rEhdl7YU="
  "resolved" "https://registry.nlark.com/got/download/got-9.6.0.tgz?cache=0&sync_timestamp=1627220400881&other_urls=https%3A%2F%2Fregistry.nlark.com%2Fgot%2Fdownload%2Fgot-9.6.0.tgz"
  "version" "9.6.0"
  dependencies:
    "@sindresorhus/is" "^0.14.0"
    "@szmarczak/http-timer" "^1.1.2"
    "cacheable-request" "^6.0.0"
    "decompress-response" "^3.3.0"
    "duplexer3" "^0.1.4"
    "get-stream" "^4.1.0"
    "lowercase-keys" "^1.0.1"
    "mimic-response" "^1.0.1"
    "p-cancelable" "^1.0.0"
    "to-readable-stream" "^1.0.0"
    "url-parse-lax" "^3.0.0"

"graceful-fs@^4.1.6", "graceful-fs@^4.2.0":
  "integrity" "sha1-/wQLKwhTsjw9MQJ1I3BvGIXXa+4="
  "resolved" "https://registry.npm.taobao.org/graceful-fs/download/graceful-fs-4.2.6.tgz"
  "version" "4.2.6"

"http-cache-semantics@^4.0.0":
  "integrity" "sha1-SekcXL82yblLz81xwj1SSex045A="
  "resolved" "https://registry.npm.taobao.org/http-cache-semantics/download/http-cache-semantics-4.1.0.tgz"
  "version" "4.1.0"

"inherits@^2.0.3", "inherits@~2.0.3":
  "integrity" "sha1-D6LGT5MpF8NDOg3tVTY6rjdBa3w="
  "resolved" "https://registry.npm.taobao.org/inherits/download/inherits-2.0.4.tgz"
  "version" "2.0.4"

"ini@^1.3.4":
  "integrity" "sha1-op2kJbSIBvNHZ6Tvzjlyaa8oQyw="
  "resolved" "https://registry.npm.taobao.org/ini/download/ini-1.3.8.tgz?cache=0&sync_timestamp=1607907810942&other_urls=https%3A%2F%2Fregistry.npm.taobao.org%2Fini%2Fdownload%2Fini-1.3.8.tgz"
  "version" "1.3.8"

"isarray@~1.0.0":
  "integrity" "sha1-u5NdSFgsuhaMBoNJV6VKPgcSTxE="
  "resolved" "https://registry.npm.taobao.org/isarray/download/isarray-1.0.0.tgz"
  "version" "1.0.0"

"json-buffer@3.0.0":
  "integrity" "sha1-Wx85evx11ne96Lz8Dkfh+aPZqJg="
  "resolved" "https://registry.npm.taobao.org/json-buffer/download/json-buffer-3.0.0.tgz"
  "version" "3.0.0"

"json-stringify-safe@^5.0.1":
  "integrity" "sha1-Epai1Y/UXxmg9s4B1lcB4sc1tus="
  "resolved" "https://registry.npm.taobao.org/json-stringify-safe/download/json-stringify-safe-5.0.1.tgz"
  "version" "5.0.1"

"jsonfile@^4.0.0":
  "integrity" "sha1-h3Gq4HmbZAdrdmQPygWPnBDjPss="
  "resolved" "https://registry.npm.taobao.org/jsonfile/download/jsonfile-4.0.0.tgz?cache=0&sync_timestamp=1604161937969&other_urls=https%3A%2F%2Fregistry.npm.taobao.org%2Fjsonfile%2Fdownload%2Fjsonfile-4.0.0.tgz"
  "version" "4.0.0"
  optionalDependencies:
    "graceful-fs" "^4.1.6"

"keyv@^3.0.0":
  "integrity" "sha1-7MIoSG9pmR5J6UdkhaW+Ho/FxNk="
  "resolved" "https://registry.npm.taobao.org/keyv/download/keyv-3.1.0.tgz"
  "version" "3.1.0"
  dependencies:
    "json-buffer" "3.0.0"

"lodash@^4.17.10":
  "integrity" "sha1-Z5WRxWTDv/quhFTPCz3zcMPWkRw="
  "resolved" "https://registry.npm.taobao.org/lodash/download/lodash-4.17.21.tgz"
  "version" "4.17.21"

"lowercase-keys@^1.0.0", "lowercase-keys@^1.0.1":
  "integrity" "sha1-b54wtHCE2XGnyCD/FabFFnt0wm8="
  "resolved" "https://registry.npm.taobao.org/lowercase-keys/download/lowercase-keys-1.0.1.tgz"
  "version" "1.0.1"

"lowercase-keys@^2.0.0":
  "integrity" "sha1-JgPni3tLAAbLyi+8yKMgJVislHk="
  "resolved" "https://registry.npm.taobao.org/lowercase-keys/download/lowercase-keys-2.0.0.tgz"
  "version" "2.0.0"

"lru-cache@^6.0.0":
  "integrity" "sha1-bW/mVw69lqr5D8rR2vo7JWbbOpQ="
  "resolved" "https://registry.npm.taobao.org/lru-cache/download/lru-cache-6.0.0.tgz?cache=0&sync_timestamp=1615683082252&other_urls=https%3A%2F%2Fregistry.npm.taobao.org%2Flru-cache%2Fdownload%2Flru-cache-6.0.0.tgz"
  "version" "6.0.0"
  dependencies:
    "yallist" "^4.0.0"

"matcher@^3.0.0":
  "integrity" "sha1-vZBg9MW3CqgEHMxvgDaHYJlPMMo="
  "resolved" "https://registry.nlark.com/matcher/download/matcher-3.0.0.tgz"
  "version" "3.0.0"
  dependencies:
    "escape-string-regexp" "^4.0.0"

"mimic-response@^1.0.0", "mimic-response@^1.0.1":
  "integrity" "sha1-SSNTiHju9CBjy4o+OweYeBSHqxs="
  "resolved" "https://registry.npm.taobao.org/mimic-response/download/mimic-response-1.0.1.tgz?cache=0&sync_timestamp=1589481629775&other_urls=https%3A%2F%2Fregistry.npm.taobao.org%2Fmimic-response%2Fdownload%2Fmimic-response-1.0.1.tgz"
  "version" "1.0.1"

"minimist@^1.2.5":
  "integrity" "sha1-Z9ZgFLZqaoqqDAg8X9WN9OTpdgI="
  "resolved" "https://registry.npm.taobao.org/minimist/download/minimist-1.2.5.tgz"
  "version" "1.2.5"

"mkdirp@^0.5.4":
  "integrity" "sha1-2Rzv1i0UNsoPQWIOJRKI1CAJne8="
  "resolved" "https://registry.npm.taobao.org/mkdirp/download/mkdirp-0.5.5.tgz"
  "version" "0.5.5"
  dependencies:
    "minimist" "^1.2.5"

"ms@2.0.0":
  "integrity" "sha1-VgiurfwAvmwpAd9fmGF4jeDVl8g="
  "resolved" "https://registry.npm.taobao.org/ms/download/ms-2.0.0.tgz?cache=0&sync_timestamp=1607433856030&other_urls=https%3A%2F%2Fregistry.npm.taobao.org%2Fms%2Fdownload%2Fms-2.0.0.tgz"
  "version" "2.0.0"

"ms@2.1.2":
  "integrity" "sha1-0J0fNXtEP0kzgqjrPM0YOHKuYAk="
  "resolved" "https://registry.npm.taobao.org/ms/download/ms-2.1.2.tgz?cache=0&sync_timestamp=1607433856030&other_urls=https%3A%2F%2Fregistry.npm.taobao.org%2Fms%2Fdownload%2Fms-2.1.2.tgz"
  "version" "2.1.2"

"normalize-url@^4.1.0":
  "integrity" "sha1-DdkM8SiO4dExO4cIHJpZMu5IUYo="
  "resolved" "https://registry.nlark.com/normalize-url/download/normalize-url-4.5.1.tgz"
  "version" "4.5.1"

"npm-conf@^1.1.3":
  "integrity" "sha1-JWzEe9DiGMJZxOlVC/QTvCGSr/k="
  "resolved" "https://registry.npm.taobao.org/npm-conf/download/npm-conf-1.1.3.tgz"
  "version" "1.1.3"
  dependencies:
    "config-chain" "^1.1.11"
    "pify" "^3.0.0"

"object-keys@^1.0.12":
  "integrity" "sha1-HEfyct8nfzsdrwYWd9nILiMixg4="
  "resolved" "https://registry.npm.taobao.org/object-keys/download/object-keys-1.1.1.tgz"
  "version" "1.1.1"

"once@^1.3.1", "once@^1.4.0":
  "integrity" "sha1-WDsap3WWHUsROsF9nFC6753Xa9E="
  "resolved" "https://registry.npm.taobao.org/once/download/once-1.4.0.tgz"
  "version" "1.4.0"
  dependencies:
    "wrappy" "1"

"p-cancelable@^1.0.0":
  "integrity" "sha1-0HjRWjr0CSIMiG8dmgyi5EGrJsw="
  "resolved" "https://registry.nlark.com/p-cancelable/download/p-cancelable-1.1.0.tgz"
  "version" "1.1.0"

"pend@~1.2.0":
  "integrity" "sha1-elfrVQpng/kRUzH89GY9XI4AelA="
  "resolved" "https://registry.npm.taobao.org/pend/download/pend-1.2.0.tgz"
  "version" "1.2.0"

"pify@^3.0.0":
  "integrity" "sha1-5aSs0sEB/fPZpNB/DbxNtJ3SgXY="
  "resolved" "https://registry.npm.taobao.org/pify/download/pify-3.0.0.tgz"
  "version" "3.0.0"

"prepend-http@^2.0.0":
  "integrity" "sha1-6SQ0v6XqjBn0HN/UAddBo8gZ2Jc="
  "resolved" "https://registry.npm.taobao.org/prepend-http/download/prepend-http-2.0.0.tgz"
  "version" "2.0.0"

"process-nextick-args@~2.0.0":
  "integrity" "sha1-eCDZsWEgzFXKmud5JoCufbptf+I="
  "resolved" "https://registry.npm.taobao.org/process-nextick-args/download/process-nextick-args-2.0.1.tgz"
  "version" "2.0.1"

"progress@^2.0.3":
  "integrity" "sha1-foz42PW48jnBvGi+tOt4Vn1XLvg="
  "resolved" "https://registry.npm.taobao.org/progress/download/progress-2.0.3.tgz"
  "version" "2.0.3"

"proto-list@~1.2.1":
  "integrity" "sha1-IS1b/hMYMGpCD2QCuOJv85ZHqEk="
  "resolved" "https://registry.npm.taobao.org/proto-list/download/proto-list-1.2.4.tgz"
  "version" "1.2.4"

"pump@^3.0.0":
  "integrity" "sha1-tKIRaBW94vTh6mAjVOjHVWUQemQ="
  "resolved" "https://registry.npm.taobao.org/pump/download/pump-3.0.0.tgz"
  "version" "3.0.0"
  dependencies:
    "end-of-stream" "^1.1.0"
    "once" "^1.3.1"

"readable-stream@^2.2.2":
  "integrity" "sha1-Hsoc9xGu+BTAT2IlKjamL2yyO1c="
  "resolved" "https://registry.npm.taobao.org/readable-stream/download/readable-stream-2.3.7.tgz"
  "version" "2.3.7"
  dependencies:
    "core-util-is" "~1.0.0"
    "inherits" "~2.0.3"
    "isarray" "~1.0.0"
    "process-nextick-args" "~2.0.0"
    "safe-buffer" "~5.1.1"
    "string_decoder" "~1.1.1"
    "util-deprecate" "~1.0.1"

"responselike@^1.0.2":
  "integrity" "sha1-kYcg7ztjHFZCvgaPFa3lpG9Loec="
  "resolved" "https://registry.npm.taobao.org/responselike/download/responselike-1.0.2.tgz"
  "version" "1.0.2"
  dependencies:
    "lowercase-keys" "^1.0.0"

"roarr@^2.15.3":
  "integrity" "sha1-9f55W3uDjM/jXcYI4Cgrnrouev0="
  "resolved" "https://registry.nlark.com/roarr/download/roarr-2.15.4.tgz"
  "version" "2.15.4"
  dependencies:
    "boolean" "^3.0.1"
    "detect-node" "^2.0.4"
    "globalthis" "^1.0.1"
    "json-stringify-safe" "^5.0.1"
    "semver-compare" "^1.0.0"
    "sprintf-js" "^1.1.2"

"safe-buffer@~5.1.0", "safe-buffer@~5.1.1":
  "integrity" "sha1-mR7GnSluAxN0fVm9/St0XDX4go0="
  "resolved" "https://registry.npm.taobao.org/safe-buffer/download/safe-buffer-5.1.2.tgz"
  "version" "5.1.2"

"semver-compare@^1.0.0":
  "integrity" "sha1-De4hahyUGrN+nvsXiPavxf9VN/w="
  "resolved" "https://registry.npm.taobao.org/semver-compare/download/semver-compare-1.0.0.tgz"
  "version" "1.0.0"

"semver@^6.2.0":
  "integrity" "sha1-7gpkyK9ejO6mdoexM3YeG+y9HT0="
  "resolved" "https://registry.npm.taobao.org/semver/download/semver-6.3.0.tgz?cache=0&sync_timestamp=1616463550093&other_urls=https%3A%2F%2Fregistry.npm.taobao.org%2Fsemver%2Fdownload%2Fsemver-6.3.0.tgz"
  "version" "6.3.0"

"semver@^7.3.2":
  "integrity" "sha1-C2Ich5NI2JmOSw5L6Us/EuYBjvc="
  "resolved" "https://registry.npm.taobao.org/semver/download/semver-7.3.5.tgz?cache=0&sync_timestamp=1616463550093&other_urls=https%3A%2F%2Fregistry.npm.taobao.org%2Fsemver%2Fdownload%2Fsemver-7.3.5.tgz"
  "version" "7.3.5"
  dependencies:
    "lru-cache" "^6.0.0"

"serialize-error@^7.0.1":
  "integrity" "sha1-8TYLBEf2H/tIPsQVfHN/q313jhg="
  "resolved" "https://registry.nlark.com/serialize-error/download/serialize-error-7.0.1.tgz"
  "version" "7.0.1"
  dependencies:
    "type-fest" "^0.13.1"

"sprintf-js@^1.1.2":
  "integrity" "sha1-2hdlJiv4wPVxdJ8q1sJjACB65nM="
  "resolved" "https://registry.npm.taobao.org/sprintf-js/download/sprintf-js-1.1.2.tgz"
  "version" "1.1.2"

"string_decoder@~1.1.1":
  "integrity" "sha1-nPFhG6YmhdcDCunkujQUnDrwP8g="
  "resolved" "https://registry.npm.taobao.org/string_decoder/download/string_decoder-1.1.1.tgz"
  "version" "1.1.1"
  dependencies:
    "safe-buffer" "~5.1.0"

"sumchecker@^3.0.1":
  "integrity" "sha1-Y3fplnlauwttNI6bPh37JDRajkI="
  "resolved" "https://registry.npm.taobao.org/sumchecker/download/sumchecker-3.0.1.tgz"
  "version" "3.0.1"
  dependencies:
    "debug" "^4.1.0"

"to-readable-stream@^1.0.0":
  "integrity" "sha1-zgqgwvPfat+FLvtASng+d8BHV3E="
  "resolved" "https://registry.nlark.com/to-readable-stream/download/to-readable-stream-1.0.0.tgz?cache=0&sync_timestamp=1619072442497&other_urls=https%3A%2F%2Fregistry.nlark.com%2Fto-readable-stream%2Fdownload%2Fto-readable-stream-1.0.0.tgz"
  "version" "1.0.0"

"tunnel@^0.0.6":
  "integrity" "sha1-cvExSzSlsZLbASMk3yzFh8pH+Sw="
  "resolved" "https://registry.nlark.com/tunnel/download/tunnel-0.0.6.tgz"
  "version" "0.0.6"

"type-fest@^0.13.1":
  "integrity" "sha1-AXLLW86AsL1ULqNI21DH4hg02TQ="
  "resolved" "https://registry.nlark.com/type-fest/download/type-fest-0.13.1.tgz?cache=0&sync_timestamp=1627560338147&other_urls=https%3A%2F%2Fregistry.nlark.com%2Ftype-fest%2Fdownload%2Ftype-fest-0.13.1.tgz"
  "version" "0.13.1"

"typedarray@^0.0.6":
  "integrity" "sha1-hnrHTjhkGHsdPUfZlqeOxciDB3c="
  "resolved" "https://registry.npm.taobao.org/typedarray/download/typedarray-0.0.6.tgz"
  "version" "0.0.6"

"universalify@^0.1.0":
  "integrity" "sha1-tkb2m+OULavOzJ1mOcgNwQXvqmY="
  "resolved" "https://registry.npm.taobao.org/universalify/download/universalify-0.1.2.tgz?cache=0&sync_timestamp=1603179970052&other_urls=https%3A%2F%2Fregistry.npm.taobao.org%2Funiversalify%2Fdownload%2Funiversalify-0.1.2.tgz"
  "version" "0.1.2"

"url-parse-lax@^3.0.0":
  "integrity" "sha1-FrXK/Afb42dsGxmZF3gj1lA6yww="
  "resolved" "https://registry.npm.taobao.org/url-parse-lax/download/url-parse-lax-3.0.0.tgz"
  "version" "3.0.0"
  dependencies:
    "prepend-http" "^2.0.0"

"util-deprecate@~1.0.1":
  "integrity" "sha1-RQ1Nyfpw3nMnYvvS1KKJgUGaDM8="
  "resolved" "https://registry.npm.taobao.org/util-deprecate/download/util-deprecate-1.0.2.tgz"
  "version" "1.0.2"

"wrappy@1":
  "integrity" "sha1-tSQ9jz7BqjXxNkYFvA0QNuMKtp8="
  "resolved" "https://registry.nlark.com/wrappy/download/wrappy-1.0.2.tgz?cache=0&sync_timestamp=1619133505879&other_urls=https%3A%2F%2Fregistry.nlark.com%2Fwrappy%2Fdownload%2Fwrappy-1.0.2.tgz"
  "version" "1.0.2"

"yallist@^4.0.0":
  "integrity" "sha1-m7knkNnA7/7GO+c1GeEaNQGaOnI="
  "resolved" "https://registry.npm.taobao.org/yallist/download/yallist-4.0.0.tgz"
  "version" "4.0.0"

"yauzl@^2.10.0":
  "integrity" "sha1-x+sXyT4RLLEIb6bY5R+wZnt5pfk="
  "resolved" "https://registry.npm.taobao.org/yauzl/download/yauzl-2.10.0.tgz"
  "version" "2.10.0"
  dependencies:
    "buffer-crc32" "~0.2.3"
    "fd-slicer" "~1.1.0"
